
Microsoft Visual Studio Solution File, Format Version 12.00
# Visual Studio 15
VisualStudioVersion = 15.0.27004.2002
MinimumVisualStudioVersion = 10.0.40219.1
Project("{FAE04EC0-301F-11D3-BF4B-00C04F79EFBC}") = "Udemy_Puzzles_08_Game_Of_Craps", "Udemy_Puzzles_08_Game_Of_Craps\Udemy_Puzzles_08_Game_Of_Craps.csproj", "{63CEF1B0-5A9F-41AC-A115-4FE4EC33CC58}"
EndProject
Global
	GlobalSection(SolutionConfigurationPlatforms) = preSolution
		Debug|Any CPU = Debug|Any CPU
		Release|Any CPU = Release|Any CPU
	EndGlobalSection
	GlobalSection(ProjectConfigurationPlatforms) = postSolution
		{63CEF1B0-5A9F-41AC-A115-4FE4EC33CC58}.Debug|Any CPU.ActiveCfg = Debug|Any CPU
		{63CEF1B0-5A9F-41AC-A115-4FE4EC33CC58}.Debug|Any CPU.Build.0 = Debug|Any CPU
		{63CEF1B0-5A9F-41AC-A115-4FE4EC33CC58}.Release|Any CPU.ActiveCfg = Release|Any CPU
		{63CEF1B0-5A9F-41AC-A115-4FE4EC33CC58}.Release|Any CPU.Build.0 = Release|Any CPU
	EndGlobalSection
	GlobalSection(SolutionProperties) = preSolution
		HideSolutionNode = FALSE
	EndGlobalSection
	GlobalSection(ExtensibilityGlobals) = postSolution
		SolutionGuid = {F1670C76-405B-496A-A4A0-E845B007D7E7}
	EndGlobalSection
	GlobalSection(TeamFoundationVersionControl) = preSolution
		SccNumberOfProjects = 2
		SccEnterpriseProvider = {4CA58AB2-18FA-4F8D-95D4-32DDF27D184C}
		SccTeamFoundationServer = https://yijiecat.visualstudio.com/
		SccLocalPath0 = .
		SccProjectUniqueName1 = Udemy_Puzzles_08_Game_Of_Craps\\Udemy_Puzzles_08_Game_Of_Craps.csproj
		SccProjectName1 = Udemy_Puzzles_08_Game_Of_Craps
		SccLocalPath1 = Udemy_Puzzles_08_Game_Of_Craps
	EndGlobalSection
EndGlobal
