
Microsoft Visual Studio Solution File, Format Version 12.00
# Visual Studio 15
VisualStudioVersion = 15.0.27004.2002
MinimumVisualStudioVersion = 10.0.40219.1
Project("{FAE04EC0-301F-11D3-BF4B-00C04F79EFBC}") = "Udemy_Puzzles_03_Fibonacci", "Udemy_Puzzles_03_Fibonacci\Udemy_Puzzles_03_Fibonacci.csproj", "{E5196E6F-BA91-4330-AA34-24AD72C0D07A}"
EndProject
Global
	GlobalSection(SolutionConfigurationPlatforms) = preSolution
		Debug|Any CPU = Debug|Any CPU
		Release|Any CPU = Release|Any CPU
	EndGlobalSection
	GlobalSection(ProjectConfigurationPlatforms) = postSolution
		{E5196E6F-BA91-4330-AA34-24AD72C0D07A}.Debug|Any CPU.ActiveCfg = Debug|Any CPU
		{E5196E6F-BA91-4330-AA34-24AD72C0D07A}.Debug|Any CPU.Build.0 = Debug|Any CPU
		{E5196E6F-BA91-4330-AA34-24AD72C0D07A}.Release|Any CPU.ActiveCfg = Release|Any CPU
		{E5196E6F-BA91-4330-AA34-24AD72C0D07A}.Release|Any CPU.Build.0 = Release|Any CPU
	EndGlobalSection
	GlobalSection(SolutionProperties) = preSolution
		HideSolutionNode = FALSE
	EndGlobalSection
	GlobalSection(ExtensibilityGlobals) = postSolution
		SolutionGuid = {9BB915AE-8A40-41BA-9462-17845F48651C}
	EndGlobalSection
	GlobalSection(TeamFoundationVersionControl) = preSolution
		SccNumberOfProjects = 2
		SccEnterpriseProvider = {4CA58AB2-18FA-4F8D-95D4-32DDF27D184C}
		SccTeamFoundationServer = https://yijiecat.visualstudio.com/
		SccLocalPath0 = .
		SccProjectUniqueName1 = Udemy_Puzzles_03_Fibonacci\\Udemy_Puzzles_03_Fibonacci.csproj
		SccProjectName1 = Udemy_Puzzles_03_Fibonacci
		SccLocalPath1 = Udemy_Puzzles_03_Fibonacci
	EndGlobalSection
EndGlobal
