
Microsoft Visual Studio Solution File, Format Version 12.00
# Visual Studio 15
VisualStudioVersion = 15.0.26730.16
MinimumVisualStudioVersion = 10.0.40219.1
Project("{FAE04EC0-301F-11D3-BF4B-00C04F79EFBC}") = "Hellow World for Core2.0", "Hellow World for Core2.0\Hellow World for Core2.0.csproj", "{F8CF7A00-2E93-415D-A298-F30B7A378688}"
EndProject
Global
	GlobalSection(SolutionConfigurationPlatforms) = preSolution
		Debug|Any CPU = Debug|Any CPU
		Release|Any CPU = Release|Any CPU
	EndGlobalSection
	GlobalSection(ProjectConfigurationPlatforms) = postSolution
		{F8CF7A00-2E93-415D-A298-F30B7A378688}.Debug|Any CPU.ActiveCfg = Debug|Any CPU
		{F8CF7A00-2E93-415D-A298-F30B7A378688}.Debug|Any CPU.Build.0 = Debug|Any CPU
		{F8CF7A00-2E93-415D-A298-F30B7A378688}.Release|Any CPU.ActiveCfg = Release|Any CPU
		{F8CF7A00-2E93-415D-A298-F30B7A378688}.Release|Any CPU.Build.0 = Release|Any CPU
	EndGlobalSection
	GlobalSection(SolutionProperties) = preSolution
		HideSolutionNode = FALSE
	EndGlobalSection
	GlobalSection(ExtensibilityGlobals) = postSolution
		SolutionGuid = {D99F1F46-4924-4379-873C-70B382D2AB50}
	EndGlobalSection
	GlobalSection(TeamFoundationVersionControl) = preSolution
		SccNumberOfProjects = 2
		SccEnterpriseProvider = {4CA58AB2-18FA-4F8D-95D4-32DDF27D184C}
		SccTeamFoundationServer = https://yijiecat.visualstudio.com/
		SccLocalPath0 = .
		SccProjectUniqueName1 = Hellow\u0020World\u0020for\u0020Core2.0\\Hellow\u0020World\u0020for\u0020Core2.0.csproj
		SccProjectName1 = Hellow\u0020World\u0020for\u0020Core2.0
		SccLocalPath1 = Hellow\u0020World\u0020for\u0020Core2.0
	EndGlobalSection
EndGlobal
